{
  "name": "ai-watch-workbench",
  "version": "0.2.0",
  "lockfileVersion": 3,
  "requires": true,
  "packages": {
    "": {
      "name": "ai-watch-workbench",
      "version": "0.2.0",
      "dependencies": {
        "chart.js": "4.5.1",
        "lucide": "1.45.0"
      }
    },
    "node_modules/@kurkle/color": {
      "version": "0.3.4",
      "resolved": "https://registry.npmmirror.com/@kurkle/color/-/color-0.3.4.tgz",
      "integrity": "sha512-M5UknZPHRu3DEDWoipU6sE8PdkZ6Z/S+v4dD+Ke8IaNlpdSQah50lz1KtcFBa2vsdOnwbbnxJwVM4wty6udA5w==",
      "license": "MIT"
    },
    "node_modules/chart.js": {
      "version": "4.5.1",
      "resolved": "https://registry.npmmirror.com/chart.js/-/chart.js-4.5.1.tgz",
      "integrity": "sha512-GIjfiT9dbmHRiYi6Nl2yFCq7kkwdkp1W/lp2J99rX0yo9tgJGn3lKQATztIjb5tVtevcBtIdICNWqlq5+E8/Pw==",
      "license": "MIT",
      "dependencies": {
        "@kurkle/color": "^0.3.0"
      },
      "engines": {
        "pnpm": ">=8"
      }
    },
    "node_modules/lucide": {
      "version": "1.45.0",
      "resolved": "https://registry.npmmirror.com/lucide/-/lucide-1.45.0.tgz",
      "integrity": "sha512-Paze7TONAGAOSwg2qh2GXY0zkNY6p4+E6BTthwyY6LpVQnqcpV73jtY9UtAZeMfDiZpevZhKINpLu4WeahOXyw==",
      "license": "ISC"
    }
  }
}
